# Generated by buf. DO NOT EDIT.
version: v2
deps:
  - name: buf.build/envoyproxy/protoc-gen-validate
    commit: daf171c6cdb54629b5f51e345a79e4dd
    digest: b5:c745e1521879f43740230b1df673d0729f55704efefdcfc489d4a0a2d40c92a26cacfeab62813403040a8b180142d53b398c7ca784a065e43823605ee49681de
  - name: buf.build/gnostic/gnostic
    commit: 087bc8072ce44e339f213209e4d57bf0
    digest: b5:c4eebcd04bc2fdd5dd0b8d695eb419682a650b600cdb56ff2ed61208a24603e0eb1b8ae0d467925c69a24bde6d322f3c4112bd2b8efdd682d8c3128384cdac9a
  - name: buf.build/go-wind/redact
    commit: d1f98995227e44d6b839e578d9fa1466
    digest: b5:452e96a0916e75290d0d6bb02b40dfdd2f64f9a21f563b531f249771f3416ea1ca4a05c04851fe11ee745424c4007f1fc046d5cf7d1502820fd84f5d3f47560b
  - name: buf.build/googleapis/googleapis
    commit: c17df5b2beca46928cc87d5656bd5343
    digest: b5:648a01e0170d4512dea7d564016165decd1ed6e34bef79fe54753e51ad7e27545709ad9157d7551270147d551155c595a2fb0bf5bb33b1c83040ddbce915c604
  - name: buf.build/kratos/apis
    commit: c2de25f14fa445a79a054214f31d17a8
    digest: b5:3e4dac0d26ce9db17309aeb845f0efb38ec7db1af06ee3c6b8dce2f4f7f53f126d62233c4910410384ead7f0a0edb6448cb389e62d1e3da5e927c3a980828f0b
  - name: buf.build/tx7do/pagination
    commit: 7e34dd27013f4c67bb09025c73a73980
    digest: b5:f1affafbeb5564a0cb38bf25efe4af9af7c0da770fe7d860617dc2dfb6b8dd352de105cd3175c9ac86d9e7ea5c8f409ab94637431a9c6f48ca0fbfb32771b279
